
Microsoft Visual Studio Solution File, Format Version 12.00
# Visual Studio 14
VisualStudioVersion = 14.0.25420.1
MinimumVisualStudioVersion = 10.0.40219.1
Project("{A07B5EB6-E848-4116-A8D0-A826331D98C6}") = "Application2", "Application2\Application2.sfproj", "{5870E103-3516-4B33-936D-FB7790696387}"
EndProject
Project("{FAE04EC0-301F-11D3-BF4B-00C04F79EFBC}") = "Stateful1", "Stateful1\Stateful1.csproj", "{B711477D-0DE4-4DAC-AA68-F4BEAC69F666}"
EndProject
Global
	GlobalSection(SolutionConfigurationPlatforms) = preSolution
		Debug|x64 = Debug|x64
		Release|x64 = Release|x64
	EndGlobalSection
	GlobalSection(ProjectConfigurationPlatforms) = postSolution
		{5870E103-3516-4B33-936D-FB7790696387}.Debug|x64.ActiveCfg = Debug|x64
		{5870E103-3516-4B33-936D-FB7790696387}.Debug|x64.Build.0 = Debug|x64
		{5870E103-3516-4B33-936D-FB7790696387}.Debug|x64.Deploy.0 = Debug|x64
		{5870E103-3516-4B33-936D-FB7790696387}.Release|x64.ActiveCfg = Release|x64
		{5870E103-3516-4B33-936D-FB7790696387}.Release|x64.Build.0 = Release|x64
		{5870E103-3516-4B33-936D-FB7790696387}.Release|x64.Deploy.0 = Release|x64
		{B711477D-0DE4-4DAC-AA68-F4BEAC69F666}.Debug|x64.ActiveCfg = Debug|x64
		{B711477D-0DE4-4DAC-AA68-F4BEAC69F666}.Debug|x64.Build.0 = Debug|x64
		{B711477D-0DE4-4DAC-AA68-F4BEAC69F666}.Release|x64.ActiveCfg = Release|x64
		{B711477D-0DE4-4DAC-AA68-F4BEAC69F666}.Release|x64.Build.0 = Release|x64
	EndGlobalSection
	GlobalSection(SolutionProperties) = preSolution
		HideSolutionNode = FALSE
	EndGlobalSection
EndGlobal
